
Microsoft Visual Studio Solution File, Format Version 12.00
# Visual Studio Version 17
VisualStudioVersion = 17.1.32328.378
MinimumVisualStudioVersion = 10.0.40219.1
Project("{FAE04EC0-301F-11D3-BF4B-00C04F79EFBC}") = "MostAwesomeDartApplicationEver", "MostAwesomeDartApplicationEver\MostAwesomeDartApplicationEver.csproj", "{C8B33BB4-3EBB-4EB3-9FDD-0150CE0069AA}"
EndProject
Project("{FAE04EC0-301F-11D3-BF4B-00C04F79EFBC}") = "UnitTests", "UnitTests\UnitTests.csproj", "{7C1842E1-1DB2-4ED7-BA0D-0305704BDBCF}"
EndProject
Project("{FAE04EC0-301F-11D3-BF4B-00C04F79EFBC}") = "DartApplicationLibrary", "DartApplicationLibrary\DartApplicationLibrary.csproj", "{C04C1255-28A8-42EF-BE00-1193FC164E11}"
EndProject
Global
	GlobalSection(SolutionConfigurationPlatforms) = preSolution
		Debug|Any CPU = Debug|Any CPU
		Release|Any CPU = Release|Any CPU
	EndGlobalSection
	GlobalSection(ProjectConfigurationPlatforms) = postSolution
		{C8B33BB4-3EBB-4EB3-9FDD-0150CE0069AA}.Debug|Any CPU.ActiveCfg = Debug|Any CPU
		{C8B33BB4-3EBB-4EB3-9FDD-0150CE0069AA}.Debug|Any CPU.Build.0 = Debug|Any CPU
		{C8B33BB4-3EBB-4EB3-9FDD-0150CE0069AA}.Release|Any CPU.ActiveCfg = Release|Any CPU
		{C8B33BB4-3EBB-4EB3-9FDD-0150CE0069AA}.Release|Any CPU.Build.0 = Release|Any CPU
		{7C1842E1-1DB2-4ED7-BA0D-0305704BDBCF}.Debug|Any CPU.ActiveCfg = Debug|Any CPU
		{7C1842E1-1DB2-4ED7-BA0D-0305704BDBCF}.Debug|Any CPU.Build.0 = Debug|Any CPU
		{7C1842E1-1DB2-4ED7-BA0D-0305704BDBCF}.Release|Any CPU.ActiveCfg = Release|Any CPU
		{7C1842E1-1DB2-4ED7-BA0D-0305704BDBCF}.Release|Any CPU.Build.0 = Release|Any CPU
		{C04C1255-28A8-42EF-BE00-1193FC164E11}.Debug|Any CPU.ActiveCfg = Debug|Any CPU
		{C04C1255-28A8-42EF-BE00-1193FC164E11}.Debug|Any CPU.Build.0 = Debug|Any CPU
		{C04C1255-28A8-42EF-BE00-1193FC164E11}.Release|Any CPU.ActiveCfg = Release|Any CPU
		{C04C1255-28A8-42EF-BE00-1193FC164E11}.Release|Any CPU.Build.0 = Release|Any CPU
	EndGlobalSection
	GlobalSection(SolutionProperties) = preSolution
		HideSolutionNode = FALSE
	EndGlobalSection
	GlobalSection(ExtensibilityGlobals) = postSolution
		SolutionGuid = {7F1B8135-149C-49A9-BE21-AA60CF1AEBE8}
	EndGlobalSection
EndGlobal
